
Microsoft Visual Studio Solution File, Format Version 12.00
Project("{FAE04EC0-301F-11D3-BF4B-00C04F79EFBC}") = "DesignPatterns.Visitor", "Behavioral\DesignPatterns.Visitor\DesignPatterns.Visitor.csproj", "{DCE06EB6-BAB5-4573-AF67-128DBCCDB90C}"
EndProject
Project("{2150E333-8FDC-42A3-9474-1A3956D46DE8}") = "Behavioral", "Behavioral", "{7FF0E83F-EBEB-4103-BCD1-2F100E82FCD1}"
EndProject
Project("{FAE04EC0-301F-11D3-BF4B-00C04F79EFBC}") = "DesignPatterns.Visitor.UnitTests", "Behavioral\DesignPatterns.Visitor.UnitTests\DesignPatterns.Visitor.UnitTests.csproj", "{02AA0F74-2EFE-4804-8938-A92542860F74}"
EndProject
Global
	GlobalSection(SolutionConfigurationPlatforms) = preSolution
		Debug|Any CPU = Debug|Any CPU
		Release|Any CPU = Release|Any CPU
	EndGlobalSection
	GlobalSection(ProjectConfigurationPlatforms) = postSolution
		{DCE06EB6-BAB5-4573-AF67-128DBCCDB90C}.Debug|Any CPU.ActiveCfg = Debug|Any CPU
		{DCE06EB6-BAB5-4573-AF67-128DBCCDB90C}.Debug|Any CPU.Build.0 = Debug|Any CPU
		{DCE06EB6-BAB5-4573-AF67-128DBCCDB90C}.Release|Any CPU.ActiveCfg = Release|Any CPU
		{DCE06EB6-BAB5-4573-AF67-128DBCCDB90C}.Release|Any CPU.Build.0 = Release|Any CPU
		{02AA0F74-2EFE-4804-8938-A92542860F74}.Debug|Any CPU.ActiveCfg = Debug|Any CPU
		{02AA0F74-2EFE-4804-8938-A92542860F74}.Debug|Any CPU.Build.0 = Debug|Any CPU
		{02AA0F74-2EFE-4804-8938-A92542860F74}.Release|Any CPU.ActiveCfg = Release|Any CPU
		{02AA0F74-2EFE-4804-8938-A92542860F74}.Release|Any CPU.Build.0 = Release|Any CPU
	EndGlobalSection
	GlobalSection(NestedProjects) = preSolution
		{DCE06EB6-BAB5-4573-AF67-128DBCCDB90C} = {7FF0E83F-EBEB-4103-BCD1-2F100E82FCD1}
		{02AA0F74-2EFE-4804-8938-A92542860F74} = {7FF0E83F-EBEB-4103-BCD1-2F100E82FCD1}
	EndGlobalSection
EndGlobal
