
Microsoft Visual Studio Solution File, Format Version 12.00
Project("{FAE04EC0-301F-11D3-BF4B-00C04F79EFBC}") = "DesignPatterns.Visitor", "Behavioral\DesignPatterns.Visitor\DesignPatterns.Visitor.csproj", "{DCE06EB6-BAB5-4573-AF67-128DBCCDB90C}"
EndProject
Project("{2150E333-8FDC-42A3-9474-1A3956D46DE8}") = "Behavioral", "Behavioral", "{7FF0E83F-EBEB-4103-BCD1-2F100E82FCD1}"
EndProject
Project("{FAE04EC0-301F-11D3-BF4B-00C04F79EFBC}") = "DesignPatterns.Visitor.UnitTests", "Behavioral\DesignPatterns.Visitor.UnitTests\DesignPatterns.Visitor.UnitTests.csproj", "{02AA0F74-2EFE-4804-8938-A92542860F74}"
EndProject
Project("{2150E333-8FDC-42A3-9474-1A3956D46DE8}") = "Creational", "Creational", "{AE005ED4-5F0B-4AF9-81AE-AAE3AD6F8901}"
EndProject
Project("{FAE04EC0-301F-11D3-BF4B-00C04F79EFBC}") = "DesignPatterns.AbstractFactory", "Creational\DesignPatterns.AbstractFactory\DesignPatterns.AbstractFactory.csproj", "{0C5CFC73-F6E4-4796-A11C-9CA378B80517}"
EndProject
Project("{FAE04EC0-301F-11D3-BF4B-00C04F79EFBC}") = "DesignPatterns.AbstractFactory.UnitTests", "Creational\DesignPatterns.AbstractFactory.UnitTests\DesignPatterns.AbstractFactory.UnitTests.csproj", "{1E56CC89-45C1-45F7-9EC8-88D648572816}"
EndProject
Project("{2150E333-8FDC-42A3-9474-1A3956D46DE8}") = "Structural", "Structural", "{5961ADCC-5FA6-4076-A9F4-C1D3207ABE1A}"
EndProject
Project("{FAE04EC0-301F-11D3-BF4B-00C04F79EFBC}") = "DesignPatterns.Decorator", "Structural\DesignPatterns.Decorator\DesignPatterns.Decorator.csproj", "{FA3C4F09-104E-4F7D-9ADB-E7F22917ADF7}"
EndProject
Project("{FAE04EC0-301F-11D3-BF4B-00C04F79EFBC}") = "DesignPatterns.Singleton", "Creational\DesignPatterns.Singleton\DesignPatterns.Singleton.csproj", "{658DB1C6-AC85-4E03-99C4-C79116E558F5}"
EndProject
Project("{FAE04EC0-301F-11D3-BF4B-00C04F79EFBC}") = "DesignPatterns.Singleton.UnitTests", "Creational\DesignPatterns.Singleton.UnitTests\DesignPatterns.Singleton.UnitTests.csproj", "{FFB0861F-5182-40CA-BD19-33BCB0FBA4F6}"
EndProject
Project("{FAE04EC0-301F-11D3-BF4B-00C04F79EFBC}") = "DesignPatterns.FactoryMethod", "Creational\DesignPatterns.FactoryMethod\DesignPatterns.FactoryMethod.csproj", "{DAE417C1-F239-4514-9689-6466F0B52A99}"
EndProject
Global
	GlobalSection(SolutionConfigurationPlatforms) = preSolution
		Debug|Any CPU = Debug|Any CPU
		Release|Any CPU = Release|Any CPU
	EndGlobalSection
	GlobalSection(ProjectConfigurationPlatforms) = postSolution
		{DCE06EB6-BAB5-4573-AF67-128DBCCDB90C}.Debug|Any CPU.ActiveCfg = Debug|Any CPU
		{DCE06EB6-BAB5-4573-AF67-128DBCCDB90C}.Debug|Any CPU.Build.0 = Debug|Any CPU
		{DCE06EB6-BAB5-4573-AF67-128DBCCDB90C}.Release|Any CPU.ActiveCfg = Release|Any CPU
		{DCE06EB6-BAB5-4573-AF67-128DBCCDB90C}.Release|Any CPU.Build.0 = Release|Any CPU
		{02AA0F74-2EFE-4804-8938-A92542860F74}.Debug|Any CPU.ActiveCfg = Debug|Any CPU
		{02AA0F74-2EFE-4804-8938-A92542860F74}.Debug|Any CPU.Build.0 = Debug|Any CPU
		{02AA0F74-2EFE-4804-8938-A92542860F74}.Release|Any CPU.ActiveCfg = Release|Any CPU
		{02AA0F74-2EFE-4804-8938-A92542860F74}.Release|Any CPU.Build.0 = Release|Any CPU
		{0C5CFC73-F6E4-4796-A11C-9CA378B80517}.Debug|Any CPU.ActiveCfg = Debug|Any CPU
		{0C5CFC73-F6E4-4796-A11C-9CA378B80517}.Debug|Any CPU.Build.0 = Debug|Any CPU
		{0C5CFC73-F6E4-4796-A11C-9CA378B80517}.Release|Any CPU.ActiveCfg = Release|Any CPU
		{0C5CFC73-F6E4-4796-A11C-9CA378B80517}.Release|Any CPU.Build.0 = Release|Any CPU
		{1E56CC89-45C1-45F7-9EC8-88D648572816}.Debug|Any CPU.ActiveCfg = Debug|Any CPU
		{1E56CC89-45C1-45F7-9EC8-88D648572816}.Debug|Any CPU.Build.0 = Debug|Any CPU
		{1E56CC89-45C1-45F7-9EC8-88D648572816}.Release|Any CPU.ActiveCfg = Release|Any CPU
		{1E56CC89-45C1-45F7-9EC8-88D648572816}.Release|Any CPU.Build.0 = Release|Any CPU
		{FA3C4F09-104E-4F7D-9ADB-E7F22917ADF7}.Debug|Any CPU.ActiveCfg = Debug|Any CPU
		{FA3C4F09-104E-4F7D-9ADB-E7F22917ADF7}.Debug|Any CPU.Build.0 = Debug|Any CPU
		{FA3C4F09-104E-4F7D-9ADB-E7F22917ADF7}.Release|Any CPU.ActiveCfg = Release|Any CPU
		{FA3C4F09-104E-4F7D-9ADB-E7F22917ADF7}.Release|Any CPU.Build.0 = Release|Any CPU
		{658DB1C6-AC85-4E03-99C4-C79116E558F5}.Debug|Any CPU.ActiveCfg = Debug|Any CPU
		{658DB1C6-AC85-4E03-99C4-C79116E558F5}.Debug|Any CPU.Build.0 = Debug|Any CPU
		{658DB1C6-AC85-4E03-99C4-C79116E558F5}.Release|Any CPU.ActiveCfg = Release|Any CPU
		{658DB1C6-AC85-4E03-99C4-C79116E558F5}.Release|Any CPU.Build.0 = Release|Any CPU
		{FFB0861F-5182-40CA-BD19-33BCB0FBA4F6}.Debug|Any CPU.ActiveCfg = Debug|Any CPU
		{FFB0861F-5182-40CA-BD19-33BCB0FBA4F6}.Debug|Any CPU.Build.0 = Debug|Any CPU
		{FFB0861F-5182-40CA-BD19-33BCB0FBA4F6}.Release|Any CPU.ActiveCfg = Release|Any CPU
		{FFB0861F-5182-40CA-BD19-33BCB0FBA4F6}.Release|Any CPU.Build.0 = Release|Any CPU
		{DAE417C1-F239-4514-9689-6466F0B52A99}.Debug|Any CPU.ActiveCfg = Debug|Any CPU
		{DAE417C1-F239-4514-9689-6466F0B52A99}.Debug|Any CPU.Build.0 = Debug|Any CPU
		{DAE417C1-F239-4514-9689-6466F0B52A99}.Release|Any CPU.ActiveCfg = Release|Any CPU
		{DAE417C1-F239-4514-9689-6466F0B52A99}.Release|Any CPU.Build.0 = Release|Any CPU
	EndGlobalSection
	GlobalSection(NestedProjects) = preSolution
		{DCE06EB6-BAB5-4573-AF67-128DBCCDB90C} = {7FF0E83F-EBEB-4103-BCD1-2F100E82FCD1}
		{02AA0F74-2EFE-4804-8938-A92542860F74} = {7FF0E83F-EBEB-4103-BCD1-2F100E82FCD1}
		{0C5CFC73-F6E4-4796-A11C-9CA378B80517} = {AE005ED4-5F0B-4AF9-81AE-AAE3AD6F8901}
		{1E56CC89-45C1-45F7-9EC8-88D648572816} = {AE005ED4-5F0B-4AF9-81AE-AAE3AD6F8901}
		{FA3C4F09-104E-4F7D-9ADB-E7F22917ADF7} = {5961ADCC-5FA6-4076-A9F4-C1D3207ABE1A}
		{658DB1C6-AC85-4E03-99C4-C79116E558F5} = {AE005ED4-5F0B-4AF9-81AE-AAE3AD6F8901}
		{FFB0861F-5182-40CA-BD19-33BCB0FBA4F6} = {AE005ED4-5F0B-4AF9-81AE-AAE3AD6F8901}
		{DAE417C1-F239-4514-9689-6466F0B52A99} = {AE005ED4-5F0B-4AF9-81AE-AAE3AD6F8901}
	EndGlobalSection
EndGlobal
